Microsoft Visual Studio Solution File, Format Version 11.00
# Visual Studio 2008

Project("{352D4C75-0E20-A287-E4CA-1AC671CB9ED2}") = "Honour's Project", "Assembly-CSharp-firstpass-vs.csproj", "{50AFE6CF-5208-F88C-B9D6-E5FD3F790EC9}"
EndProject
Project("{352D4C75-0E20-A287-E4CA-1AC671CB9ED2}") = "Honour's Project", "Assembly-CSharp-vs.csproj", "{36816109-377A-E940-D19E-B3B362C843EA}"
EndProject
Project("{352D4C75-0E20-A287-E4CA-1AC671CB9ED2}") = "Honour's Project", "Assembly-CSharp-Editor-vs.csproj", "{3C6AAA69-6F67-6E58-5BD8-2907356CB291}"
EndProject
Global
	GlobalSection(SolutionConfigurationPlatforms) = preSolution
		Debug|Any CPU = Debug|Any CPU
		Release|Any CPU = Release|Any CPU
	EndGlobalSection
	GlobalSection(ProjectConfigurationPlatforms) = postSolution
		{50AFE6CF-5208-F88C-B9D6-E5FD3F790EC9}.Debug|Any CPU.ActiveCfg = Debug|Any CPU
		{50AFE6CF-5208-F88C-B9D6-E5FD3F790EC9}.Debug|Any CPU.Build.0 = Debug|Any CPU
		{50AFE6CF-5208-F88C-B9D6-E5FD3F790EC9}.Release|Any CPU.ActiveCfg = Release|Any CPU
		{50AFE6CF-5208-F88C-B9D6-E5FD3F790EC9}.Release|Any CPU.Build.0 = Release|Any CPU
		{36816109-377A-E940-D19E-B3B362C843EA}.Debug|Any CPU.ActiveCfg = Debug|Any CPU
		{36816109-377A-E940-D19E-B3B362C843EA}.Debug|Any CPU.Build.0 = Debug|Any CPU
		{36816109-377A-E940-D19E-B3B362C843EA}.Release|Any CPU.ActiveCfg = Release|Any CPU
		{36816109-377A-E940-D19E-B3B362C843EA}.Release|Any CPU.Build.0 = Release|Any CPU
		{3C6AAA69-6F67-6E58-5BD8-2907356CB291}.Debug|Any CPU.ActiveCfg = Debug|Any CPU
		{3C6AAA69-6F67-6E58-5BD8-2907356CB291}.Debug|Any CPU.Build.0 = Debug|Any CPU
		{3C6AAA69-6F67-6E58-5BD8-2907356CB291}.Release|Any CPU.ActiveCfg = Release|Any CPU
		{3C6AAA69-6F67-6E58-5BD8-2907356CB291}.Release|Any CPU.Build.0 = Release|Any CPU
	EndGlobalSection
	GlobalSection(SolutionProperties) = preSolution
		HideSolutionNode = FALSE
	EndGlobalSection
		GlobalSection(MonoDevelopProperties) = preSolution
		StartupItem = Assembly-CSharp.csproj
		Policies = $0
		$0.TextStylePolicy = $1
		$1.inheritsSet = null
		$1.scope = text/x-csharp
		$0.CSharpFormattingPolicy = $2
		$2.inheritsSet = Mono
		$2.inheritsScope = text/x-csharp
		$2.scope = text/x-csharp
		$0.TextStylePolicy = $3
		$3.FileWidth = 120
		$3.TabWidth = 4
		$3.IndentWidth = 4
		$3.EolMarker = Unix
		$3.inheritsSet = Mono
		$3.inheritsScope = text/plain
		$3.scope = text/plain
	EndGlobalSection

EndGlobal
