Microsoft Visual Studio Solution File, Format Version 11.00
# Visual Studio 2008

Project("{A4B99C1C-B633-E3E4-E0D6-C5B3FF576EC5}") = "Unity-Ash-master", "Assembly-CSharp-firstpass.csproj", "{80AB8EB6-2ABB-9931-0FF7-9AE29E6FCAF2}"
EndProject
Project("{A4B99C1C-B633-E3E4-E0D6-C5B3FF576EC5}") = "Unity-Ash-master", "Assembly-CSharp.csproj", "{32498AB7-2DF7-FFEB-1492-E897C209187E}"
EndProject
Project("{A4B99C1C-B633-E3E4-E0D6-C5B3FF576EC5}") = "Unity-Ash-master", "Assembly-CSharp-Editor.csproj", "{BE74202A-C877-017F-F314-D556170F1558}"
EndProject
Global
	GlobalSection(SolutionConfigurationPlatforms) = preSolution
		Debug|Any CPU = Debug|Any CPU
		Release|Any CPU = Release|Any CPU
	EndGlobalSection
	GlobalSection(ProjectConfigurationPlatforms) = postSolution
		{80AB8EB6-2ABB-9931-0FF7-9AE29E6FCAF2}.Debug|Any CPU.ActiveCfg = Debug|Any CPU
		{80AB8EB6-2ABB-9931-0FF7-9AE29E6FCAF2}.Debug|Any CPU.Build.0 = Debug|Any CPU
		{80AB8EB6-2ABB-9931-0FF7-9AE29E6FCAF2}.Release|Any CPU.ActiveCfg = Release|Any CPU
		{80AB8EB6-2ABB-9931-0FF7-9AE29E6FCAF2}.Release|Any CPU.Build.0 = Release|Any CPU
		{32498AB7-2DF7-FFEB-1492-E897C209187E}.Debug|Any CPU.ActiveCfg = Debug|Any CPU
		{32498AB7-2DF7-FFEB-1492-E897C209187E}.Debug|Any CPU.Build.0 = Debug|Any CPU
		{32498AB7-2DF7-FFEB-1492-E897C209187E}.Release|Any CPU.ActiveCfg = Release|Any CPU
		{32498AB7-2DF7-FFEB-1492-E897C209187E}.Release|Any CPU.Build.0 = Release|Any CPU
		{BE74202A-C877-017F-F314-D556170F1558}.Debug|Any CPU.ActiveCfg = Debug|Any CPU
		{BE74202A-C877-017F-F314-D556170F1558}.Debug|Any CPU.Build.0 = Debug|Any CPU
		{BE74202A-C877-017F-F314-D556170F1558}.Release|Any CPU.ActiveCfg = Release|Any CPU
		{BE74202A-C877-017F-F314-D556170F1558}.Release|Any CPU.Build.0 = Release|Any CPU
	EndGlobalSection
	GlobalSection(SolutionProperties) = preSolution
		HideSolutionNode = FALSE
	EndGlobalSection
																																																																																																GlobalSection(MonoDevelopProperties) = preSolution
		StartupItem = Assembly-CSharp.csproj
		Policies = $0
		$0.TextStylePolicy = $1
		$1.inheritsSet = null
		$1.scope = text/x-csharp
		$0.CSharpFormattingPolicy = $2
		$2.inheritsSet = Mono
		$2.inheritsScope = text/x-csharp
		$2.scope = text/x-csharp
		$0.TextStylePolicy = $3
		$3.FileWidth = 120
		$3.TabWidth = 4
		$3.IndentWidth = 4
		$3.EolMarker = Unix
		$3.inheritsSet = Mono
		$3.inheritsScope = text/plain
		$3.scope = text/plain
	EndGlobalSection

EndGlobal
